[[package]]
name = "core"
source = "path+from-root-D19F39D92CA9923C"

[[package]]
name = "helpers"
source = "path+from-root-B15D36EEC8A488B1"
dependencies = ["std"]

[[package]]
name = "ptools"
source = "path+from-root-B15D36EEC8A488B1"
dependencies = [
    "helpers",
    "std",
]

[[package]]
name = "std"
source = "git+https://github.com/fuellabs/sway?tag=v0.63.1#169f91ae0a6a698bd1cb459c4c203bab646a38ec"
dependencies = ["core"]

[[package]]
name = "zap_manager"
source = "member"
dependencies = [
    "ptools",
    "std",
    "zap_manager_abi",
]

[[package]]
name = "zap_manager_abi"
source = "path+from-root-B15D36EEC8A488B1"
dependencies = ["std"]
