[[package]]
name = "core"
source = "path+from-root-D19F39D92CA9923C"

[[package]]
name = "helpers"
source = "path+from-root-9991E43B7BCF9CB5"
dependencies = ["std"]

[[package]]
name = "module_txidwit"
source = "member"
dependencies = [
    "ptools",
    "std",
]

[[package]]
name = "ptools"
source = "path+from-root-9991E43B7BCF9CB5"
dependencies = [
    "helpers",
    "std",
]

[[package]]
name = "std"
source = "git+https://github.com/fuellabs/sway?tag=v0.63.1#169f91ae0a6a698bd1cb459c4c203bab646a38ec"
dependencies = ["core"]
