[[package]]
name = "core"
source = "path+from-root-E19CE48B3E858B72"

[[package]]
name = "helpers"
source = "path+from-root-C8CC6CBF761330C5"
dependencies = ["std"]

[[package]]
name = "module_evm_txtype2"
source = "member"
dependencies = [
    "ptools",
    "std",
]

[[package]]
name = "ptools"
source = "path+from-root-C8CC6CBF761330C5"
dependencies = [
    "helpers",
    "std",
]

[[package]]
name = "std"
source = "git+https://github.com/fuellabs/sway?tag=v0.60.0#2f0392ee35a1e4dd80bd8034962d5b4083dfb8b6"
dependencies = ["core"]
